# THIS IS AN AUTOGENERATED FILE. DO NOT EDIT THIS FILE DIRECTLY.
# yarn lockfile v1


resize-observer-polyfill@^1.5.1:
  version "1.5.1"
  resolved "https://registry.yarnpkg.com/resize-observer-polyfill/-/resize-observer-polyfill-1.5.1.tgz#0e9020dd3d21024458d4ebd27e23e40269810464"
  integrity sha512-LwZrotdHOo12nQuZlHEmtuXdqGoOD0OhaxopaNFxWzInpEgaLWoVuAMbTzixuosCx2nEG58ngzW3vxdWoxIgdg==

vue-js-modal@^2.0.1:
  version "2.0.1"
  resolved "https://registry.yarnpkg.com/vue-js-modal/-/vue-js-modal-2.0.1.tgz#748ba2533c5b5eaf8234c6320b148663357c1163"
  integrity sha512-5FUwsH2zoxRKX4a7wkFAqX0eITCcIMunJDEfIxzHs2bHw9o20+Iqm+uQvBcg1jkzyo1+tVgThR/7NGU8djbD8Q==
  dependencies:
    resize-observer-polyfill "^1.5.1"
